// !$*UTF8*$!
{
	archiveVersion = 1;
	classes = {
	};
	objectVersion = 46;
	objects = {
/* Begin PBXBuildFile section */
		039100F750C14F329CAC01A8 /* not_available@3x.png in Resources */ = {isa = PBXBuildFile; fileRef = A82C7D743B2C4AC5973DD570 /* not_available@3x.png */; };
		0C131B8EBC35427F84A5CB3E /* LaunchScreen.storyboard in Resources */ = {isa = PBXBuildFile; fileRef = 19B12E55B9494A8BB56CA446 /* LaunchScreen.storyboard */; };
		1935A7FC049E46CB82A7B8BD /* working.png in Resources */ = {isa = PBXBuildFile; fileRef = CF758F440FED40679BF4C37A /* working.png */; };
		1E3F40096472459CA3F58AE8 /* homepage@3x.png in Resources */ = {isa = PBXBuildFile; fileRef = E599F8EE96794AFBB2B257E5 /* homepage@3x.png */; };
		372E92FBB8594AA1BB1B7D1F /* working@3x.png in Resources */ = {isa = PBXBuildFile; fileRef = 57B50508E18F4927A24F84CA /* working@3x.png */; };
		40B6C3708C20455D82EB40EC /* build.xcconfig in Resources */ = {isa = PBXBuildFile; fileRef = 00DA83BF04F249CEB401EE05 /* build.xcconfig */; };
		527004086B26456B919B8464 /* not_available.png in Resources */ = {isa = PBXBuildFile; fileRef = 5BAD3B4859554C15A87F30C8 /* not_available.png */; };
		532FF141C5704881ADAA56BB /* Assets.xcassets in Resources */ = {isa = PBXBuildFile; fileRef = C14AE894706F4DB9B9F30494 /* Assets.xcassets */; };
		54FBC6BE624F4D48BF2901E8 /* atm_icon.png in Resources */ = {isa = PBXBuildFile; fileRef = 27D0EEFE162F4100B526127F /* atm_icon.png */; };
		5CF04C643C534888B9AF3898 /* homepage@2x.png in Resources */ = {isa = PBXBuildFile; fileRef = C52767B703DB450DB18E2278 /* homepage@2x.png */; };
		6765129393DE46DB811F72A4 /* TNSWidgets.framework in Frameworks */ = {isa = PBXBuildFile; fileRef = 753B19843EDB4C70B572C1C7 /* TNSWidgets.framework */; };
		7BD6C01A8D744C11808B3F65 /* cng_icon@3x.png in Resources */ = {isa = PBXBuildFile; fileRef = 54C08DC01BF842CF98DEE66C /* cng_icon@3x.png */; };
		858B842D18CA22B800AB12DE /* InfoPlist.strings in Resources */ = {isa = PBXBuildFile; fileRef = 858B833A18CA111C00AB12DE /* InfoPlist.strings */; };
		880B5349E85A4C4194F2C63A /* homepage.png in Resources */ = {isa = PBXBuildFile; fileRef = A156EAD2A26741F6BCFB178A /* homepage.png */; };
		8B8196D22F6FE9647B650DA2 /* Pods_cngMobileApp.framework in Frameworks */ = {isa = PBXBuildFile; fileRef = 572ADC40CA632C7DB005C24E /* Pods_cngMobileApp.framework */; };
		8C752147C4BC474896CC8FD9 /* atm_icon@3x.png in Resources */ = {isa = PBXBuildFile; fileRef = F183909E2D71441F9FED5BA6 /* atm_icon@3x.png */; };
		9CB21796432A47EE9CAE91C0 /* TNSWidgets.framework in Embed Frameworks */ = {isa = PBXBuildFile; fileRef = 753B19843EDB4C70B572C1C7 /* TNSWidgets.framework */; settings = {ATTRIBUTES = (CodeSignOnCopy, RemoveHeadersOnCopy, ); }; };
		ABF5579C6D364635A4DC61FC /* shop_icon@3x.png in Resources */ = {isa = PBXBuildFile; fileRef = 511744742702472498030C84 /* shop_icon@3x.png */; };
		AF86290FFDC14EA685531C23 /* working@2x.png in Resources */ = {isa = PBXBuildFile; fileRef = 6C54B20E09D3417581C3999A /* working@2x.png */; };
		B07BDFDB6A854F83ADA74106 /* cng_icon.png in Resources */ = {isa = PBXBuildFile; fileRef = 2805E1D305F14C3F9B4D7C87 /* cng_icon.png */; };
		B4D2DB11861E4EE28E17CB0C /* not_available@2x.png in Resources */ = {isa = PBXBuildFile; fileRef = 883E4FFC56D6419EAFE02DF0 /* not_available@2x.png */; };
		B98C0F3FB19347CF96932A39 /* shop_icon@2x.png in Resources */ = {isa = PBXBuildFile; fileRef = C5AFE88C23E84CA2A9481EBE /* shop_icon@2x.png */; };
		CD45EE7C18DC2D5800FB50C0 /* app in Resources */ = {isa = PBXBuildFile; fileRef = CD45EE7A18DC2D5800FB50C0 /* app */; };
		CD62955D1BB2678900AE3A93 /* main.m in Sources */ = {isa = PBXBuildFile; fileRef = CD62955C1BB2678900AE3A93 /* main.m */; };
		D0626A1306AD4F17967861EB /* cng_icon@2x.png in Resources */ = {isa = PBXBuildFile; fileRef = 4579E997D7624FAE80837F53 /* cng_icon@2x.png */; };
		D44AD31541D348919A229C6D /* atm_icon@2x.png in Resources */ = {isa = PBXBuildFile; fileRef = 22D181A55E734CF78750C887 /* atm_icon@2x.png */; };
		F6892B2C54214C2185829411 /* shop_icon.png in Resources */ = {isa = PBXBuildFile; fileRef = F895321E89CA4720BD7E2CBD /* shop_icon.png */; };
/* End PBXBuildFile section */

/* Begin PBXCopyFilesBuildPhase section */
		85F5BDFC1A9363BE006B9701 /* Embed Frameworks */ = {
			isa = PBXCopyFilesBuildPhase;
			buildActionMask = 2147483647;
			dstPath = "";
			dstSubfolderSpec = 10;
			files = (
				9CB21796432A47EE9CAE91C0 /* TNSWidgets.framework in Embed Frameworks */,
			);
			name = "Embed Frameworks";
			runOnlyForDeploymentPostprocessing = 0;
		};
/* End PBXCopyFilesBuildPhase section */

/* Begin PBXFileReference section */
		00DA83BF04F249CEB401EE05 /* build.xcconfig */ = {isa = PBXFileReference; fileEncoding = 4; lastKnownFileType = unknown; name = build.xcconfig; path = cngMobileApp/Resources/build.xcconfig; sourceTree = "<group>"; };
		19B12E55B9494A8BB56CA446 /* LaunchScreen.storyboard */ = {isa = PBXFileReference; fileEncoding = 4; lastKnownFileType = unknown; name = LaunchScreen.storyboard; path = cngMobileApp/Resources/LaunchScreen.storyboard; sourceTree = "<group>"; };
		22D181A55E734CF78750C887 /* atm_icon@2x.png */ = {isa = PBXFileReference; lastKnownFileType = image.png; name = "atm_icon@2x.png"; path = "cngMobileApp/Resources/atm_icon@2x.png"; sourceTree = "<group>"; };
		27D0EEFE162F4100B526127F /* atm_icon.png */ = {isa = PBXFileReference; lastKnownFileType = image.png; name = atm_icon.png; path = cngMobileApp/Resources/atm_icon.png; sourceTree = "<group>"; };
		2805E1D305F14C3F9B4D7C87 /* cng_icon.png */ = {isa = PBXFileReference; lastKnownFileType = image.png; name = cng_icon.png; path = cngMobileApp/Resources/cng_icon.png; sourceTree = "<group>"; };
		4579E997D7624FAE80837F53 /* cng_icon@2x.png */ = {isa = PBXFileReference; lastKnownFileType = image.png; name = "cng_icon@2x.png"; path = "cngMobileApp/Resources/cng_icon@2x.png"; sourceTree = "<group>"; };
		511744742702472498030C84 /* shop_icon@3x.png */ = {isa = PBXFileReference; lastKnownFileType = image.png; name = "shop_icon@3x.png"; path = "cngMobileApp/Resources/shop_icon@3x.png"; sourceTree = "<group>"; };
		54C08DC01BF842CF98DEE66C /* cng_icon@3x.png */ = {isa = PBXFileReference; lastKnownFileType = image.png; name = "cng_icon@3x.png"; path = "cngMobileApp/Resources/cng_icon@3x.png"; sourceTree = "<group>"; };
		572ADC40CA632C7DB005C24E /* Pods_cngMobileApp.framework */ = {isa = PBXFileReference; explicitFileType = wrapper.framework; includeInIndex = 0; path = Pods_cngMobileApp.framework; sourceTree = BUILT_PRODUCTS_DIR; };
		57B50508E18F4927A24F84CA /* working@3x.png */ = {isa = PBXFileReference; lastKnownFileType = image.png; name = "working@3x.png"; path = "cngMobileApp/Resources/working@3x.png"; sourceTree = "<group>"; };
		5BAD3B4859554C15A87F30C8 /* not_available.png */ = {isa = PBXFileReference; lastKnownFileType = image.png; name = not_available.png; path = cngMobileApp/Resources/not_available.png; sourceTree = "<group>"; };
		6C54B20E09D3417581C3999A /* working@2x.png */ = {isa = PBXFileReference; lastKnownFileType = image.png; name = "working@2x.png"; path = "cngMobileApp/Resources/working@2x.png"; sourceTree = "<group>"; };
		753B19843EDB4C70B572C1C7 /* TNSWidgets.framework */ = {isa = PBXFileReference; lastKnownFileType = wrapper.framework; name = TNSWidgets.framework; path = ../../lib/iOS/TNSWidgets.framework; sourceTree = "<group>"; };
		858B832E18CA111C00AB12DE /* cngMobileApp.app */ = {isa = PBXFileReference; explicitFileType = wrapper.application; includeInIndex = 0; path = cngMobileApp.app; sourceTree = BUILT_PRODUCTS_DIR; };
		858B833918CA111C00AB12DE /* cngMobileApp-Info.plist */ = {isa = PBXFileReference; lastKnownFileType = text.plist.xml; path = "cngMobileApp-Info.plist"; sourceTree = "<group>"; };
		858B833B18CA111C00AB12DE /* en */ = {isa = PBXFileReference; lastKnownFileType = text.plist.strings; name = en; path = en.lproj/InfoPlist.strings; sourceTree = "<group>"; };
		858B833F18CA111C00AB12DE /* cngMobileApp-Prefix.pch */ = {isa = PBXFileReference; lastKnownFileType = sourcecode.c.h; path = "cngMobileApp-Prefix.pch"; sourceTree = "<group>"; };
		858B843318CA22B800AB12DE /* cngMobileApp.app */ = {isa = PBXFileReference; explicitFileType = wrapper.application; includeInIndex = 0; path = cngMobileApp.app; sourceTree = BUILT_PRODUCTS_DIR; };
		883E4FFC56D6419EAFE02DF0 /* not_available@2x.png */ = {isa = PBXFileReference; lastKnownFileType = image.png; name = "not_available@2x.png"; path = "cngMobileApp/Resources/not_available@2x.png"; sourceTree = "<group>"; };
		A156EAD2A26741F6BCFB178A /* homepage.png */ = {isa = PBXFileReference; lastKnownFileType = image.png; name = homepage.png; path = cngMobileApp/Resources/homepage.png; sourceTree = "<group>"; };
		A82C7D743B2C4AC5973DD570 /* not_available@3x.png */ = {isa = PBXFileReference; lastKnownFileType = image.png; name = "not_available@3x.png"; path = "cngMobileApp/Resources/not_available@3x.png"; sourceTree = "<group>"; };
		C14AE894706F4DB9B9F30494 /* Assets.xcassets */ = {isa = PBXFileReference; fileEncoding = 4; lastKnownFileType = unknown; name = Assets.xcassets; path = cngMobileApp/Resources/Assets.xcassets; sourceTree = "<group>"; };
		C52767B703DB450DB18E2278 /* homepage@2x.png */ = {isa = PBXFileReference; lastKnownFileType = image.png; name = "homepage@2x.png"; path = "cngMobileApp/Resources/homepage@2x.png"; sourceTree = "<group>"; };
		C5AFE88C23E84CA2A9481EBE /* shop_icon@2x.png */ = {isa = PBXFileReference; lastKnownFileType = image.png; name = "shop_icon@2x.png"; path = "cngMobileApp/Resources/shop_icon@2x.png"; sourceTree = "<group>"; };
		CD45EE7A18DC2D5800FB50C0 /* app */ = {isa = PBXFileReference; lastKnownFileType = folder; path = app; sourceTree = "<group>"; };
		CD62955C1BB2678900AE3A93 /* main.m */ = {isa = PBXFileReference; fileEncoding = 4; lastKnownFileType = sourcecode.c.objc; name = main.m; path = internal/main.m; sourceTree = SOURCE_ROOT; };
		CDD59A261BB43B5D00EC2671 /* build-debug.xcconfig */ = {isa = PBXFileReference; fileEncoding = 4; lastKnownFileType = text.xcconfig; path = "build-debug.xcconfig"; sourceTree = "<group>"; };
		CDD59A271BB43B5D00EC2671 /* build-release.xcconfig */ = {isa = PBXFileReference; fileEncoding = 4; lastKnownFileType = text.xcconfig; path = "build-release.xcconfig"; sourceTree = "<group>"; };
		CDF4743E1BA4855C0087EA85 /* build.xcconfig */ = {isa = PBXFileReference; fileEncoding = 4; lastKnownFileType = text.xcconfig; path = build.xcconfig; sourceTree = "<group>"; };
		CF758F440FED40679BF4C37A /* working.png */ = {isa = PBXFileReference; lastKnownFileType = image.png; name = working.png; path = cngMobileApp/Resources/working.png; sourceTree = "<group>"; };
		E599F8EE96794AFBB2B257E5 /* homepage@3x.png */ = {isa = PBXFileReference; lastKnownFileType = image.png; name = "homepage@3x.png"; path = "cngMobileApp/Resources/homepage@3x.png"; sourceTree = "<group>"; };
		F183909E2D71441F9FED5BA6 /* atm_icon@3x.png */ = {isa = PBXFileReference; lastKnownFileType = image.png; name = "atm_icon@3x.png"; path = "cngMobileApp/Resources/atm_icon@3x.png"; sourceTree = "<group>"; };
		F895321E89CA4720BD7E2CBD /* shop_icon.png */ = {isa = PBXFileReference; lastKnownFileType = image.png; name = shop_icon.png; path = cngMobileApp/Resources/shop_icon.png; sourceTree = "<group>"; };
/* End PBXFileReference section */

/* Begin PBXFrameworksBuildPhase section */
		858B83F418CA22B800AB12DE /* Frameworks */ = {
			isa = PBXFrameworksBuildPhase;
			buildActionMask = 2147483647;
			files = (
				6765129393DE46DB811F72A4 /* TNSWidgets.framework in Frameworks */,
				8B8196D22F6FE9647B650DA2 /* Pods_cngMobileApp.framework in Frameworks */,
			);
			runOnlyForDeploymentPostprocessing = 0;
		};
/* End PBXFrameworksBuildPhase section */

/* Begin PBXGroup section */
		3791EEA8817A1E91E3DD31A1 /* Pods */ = {
			isa = PBXGroup;
			children = (
			);
			name = Pods;
			sourceTree = "<group>";
		};
		858B832518CA111C00AB12DE = {
			isa = PBXGroup;
			children = (
				E070579D1B39A9D000214BF1 /* Resources */,
				858B833718CA111C00AB12DE /* cngMobileApp */,
				858B833018CA111C00AB12DE /* Frameworks */,
				858B832F18CA111C00AB12DE /* Products */,
				3791EEA8817A1E91E3DD31A1 /* Pods */,
			);
			sourceTree = "<group>";
		};
		858B832F18CA111C00AB12DE /* Products */ = {
			isa = PBXGroup;
			children = (
				858B832E18CA111C00AB12DE /* cngMobileApp.app */,
				858B843318CA22B800AB12DE /* cngMobileApp.app */,
			);
			name = Products;
			sourceTree = "<group>";
		};
		858B833018CA111C00AB12DE /* Frameworks */ = {
			isa = PBXGroup;
			children = (
				753B19843EDB4C70B572C1C7 /* TNSWidgets.framework */,
				572ADC40CA632C7DB005C24E /* Pods_cngMobileApp.framework */,
			);
			name = Frameworks;
			sourceTree = "<group>";
		};
		858B833718CA111C00AB12DE /* cngMobileApp */ = {
			isa = PBXGroup;
			children = (
				CD45EE7A18DC2D5800FB50C0 /* app */,
				858B833818CA111C00AB12DE /* Supporting Files */,
			);
			path = cngMobileApp;
			sourceTree = "<group>";
		};
		858B833818CA111C00AB12DE /* Supporting Files */ = {
			isa = PBXGroup;
			children = (
				CDF4743E1BA4855C0087EA85 /* build.xcconfig */,
				CDD59A261BB43B5D00EC2671 /* build-debug.xcconfig */,
				CDD59A271BB43B5D00EC2671 /* build-release.xcconfig */,
				858B833918CA111C00AB12DE /* cngMobileApp-Info.plist */,
				858B833A18CA111C00AB12DE /* InfoPlist.strings */,
				CD62955C1BB2678900AE3A93 /* main.m */,
				858B833F18CA111C00AB12DE /* cngMobileApp-Prefix.pch */,
			);
			name = "Supporting Files";
			sourceTree = "<group>";
		};
		E070579D1B39A9D000214BF1 /* Resources */ = {
			isa = PBXGroup;
			children = (
				C14AE894706F4DB9B9F30494 /* Assets.xcassets */,
				19B12E55B9494A8BB56CA446 /* LaunchScreen.storyboard */,
				27D0EEFE162F4100B526127F /* atm_icon.png */,
				22D181A55E734CF78750C887 /* atm_icon@2x.png */,
				F183909E2D71441F9FED5BA6 /* atm_icon@3x.png */,
				00DA83BF04F249CEB401EE05 /* build.xcconfig */,
				2805E1D305F14C3F9B4D7C87 /* cng_icon.png */,
				4579E997D7624FAE80837F53 /* cng_icon@2x.png */,
				54C08DC01BF842CF98DEE66C /* cng_icon@3x.png */,
				A156EAD2A26741F6BCFB178A /* homepage.png */,
				C52767B703DB450DB18E2278 /* homepage@2x.png */,
				E599F8EE96794AFBB2B257E5 /* homepage@3x.png */,
				5BAD3B4859554C15A87F30C8 /* not_available.png */,
				883E4FFC56D6419EAFE02DF0 /* not_available@2x.png */,
				A82C7D743B2C4AC5973DD570 /* not_available@3x.png */,
				F895321E89CA4720BD7E2CBD /* shop_icon.png */,
				C5AFE88C23E84CA2A9481EBE /* shop_icon@2x.png */,
				511744742702472498030C84 /* shop_icon@3x.png */,
				CF758F440FED40679BF4C37A /* working.png */,
				6C54B20E09D3417581C3999A /* working@2x.png */,
				57B50508E18F4927A24F84CA /* working@3x.png */,
			);
			name = Resources;
			sourceTree = "<group>";
		};
/* End PBXGroup section */

/* Begin PBXNativeTarget section */
		858B83EF18CA22B800AB12DE /* cngMobileApp */ = {
			isa = PBXNativeTarget;
			buildConfigurationList = 858B843018CA22B800AB12DE /* Build configuration list for PBXNativeTarget "cngMobileApp" */;
			buildPhases = (
				44D97040164EB2F0E4F87538 /* [CP] Check Pods Manifest.lock */,
				C97FD7AC1ADE5369004DB2A4 /* NativeScript PreBuild */,
				858B83F218CA22B800AB12DE /* Sources */,
				CD62955B1BB2651D00AE3A93 /* NativeScript PreLink */,
				858B83F418CA22B800AB12DE /* Frameworks */,
				858B842C18CA22B800AB12DE /* Resources */,
				85F5BDFC1A9363BE006B9701 /* Embed Frameworks */,
				CD3EAD351B05FF060042DBFC /* NativeScript PostBuild */,
				7908110CB88E591DB6807003 /* [CP] Embed Pods Frameworks */,
				334444EFA156ABDF5813E1CA /* [CP] Copy Pods Resources */,
			);
			buildRules = (
			);
			dependencies = (
			);
			name = cngMobileApp;
			productName = JDBridgeApp;
			productReference = 858B843318CA22B800AB12DE /* cngMobileApp.app */;
			productType = "com.apple.product-type.application";
		};
/* End PBXNativeTarget section */

/* Begin PBXProject section */
		858B832618CA111C00AB12DE /* Project object */ = {
			isa = PBXProject;
			attributes = {
				CLASSPREFIX = TNS;
				LastUpgradeCheck = 500;
				ORGANIZATIONNAME = Telerik;
				TargetAttributes = {
					858B83EF18CA22B800AB12DE = {
						DevelopmentTeam = Q9MGWV76R9;
					};
				};
			};
			buildConfigurationList = 858B832918CA111C00AB12DE /* Build configuration list for PBXProject "cngMobileApp" */;
			compatibilityVersion = "Xcode 3.2";
			developmentRegion = English;
			hasScannedForEncodings = 0;
			knownRegions = (
				en,
			);
			mainGroup = 858B832518CA111C00AB12DE;
			productRefGroup = 858B832F18CA111C00AB12DE /* Products */;
			projectDirPath = "";
			projectRoot = "";
			targets = (
				858B83EF18CA22B800AB12DE /* cngMobileApp */,
			);
		};
/* End PBXProject section */

/* Begin PBXResourcesBuildPhase section */
		858B842C18CA22B800AB12DE /* Resources */ = {
			isa = PBXResourcesBuildPhase;
			buildActionMask = 2147483647;
			files = (
				CD45EE7C18DC2D5800FB50C0 /* app in Resources */,
				858B842D18CA22B800AB12DE /* InfoPlist.strings in Resources */,
				532FF141C5704881ADAA56BB /* Assets.xcassets in Resources */,
				0C131B8EBC35427F84A5CB3E /* LaunchScreen.storyboard in Resources */,
				54FBC6BE624F4D48BF2901E8 /* atm_icon.png in Resources */,
				D44AD31541D348919A229C6D /* atm_icon@2x.png in Resources */,
				8C752147C4BC474896CC8FD9 /* atm_icon@3x.png in Resources */,
				40B6C3708C20455D82EB40EC /* build.xcconfig in Resources */,
				B07BDFDB6A854F83ADA74106 /* cng_icon.png in Resources */,
				D0626A1306AD4F17967861EB /* cng_icon@2x.png in Resources */,
				7BD6C01A8D744C11808B3F65 /* cng_icon@3x.png in Resources */,
				880B5349E85A4C4194F2C63A /* homepage.png in Resources */,
				5CF04C643C534888B9AF3898 /* homepage@2x.png in Resources */,
				1E3F40096472459CA3F58AE8 /* homepage@3x.png in Resources */,
				527004086B26456B919B8464 /* not_available.png in Resources */,
				B4D2DB11861E4EE28E17CB0C /* not_available@2x.png in Resources */,
				039100F750C14F329CAC01A8 /* not_available@3x.png in Resources */,
				F6892B2C54214C2185829411 /* shop_icon.png in Resources */,
				B98C0F3FB19347CF96932A39 /* shop_icon@2x.png in Resources */,
				ABF5579C6D364635A4DC61FC /* shop_icon@3x.png in Resources */,
				1935A7FC049E46CB82A7B8BD /* working.png in Resources */,
				AF86290FFDC14EA685531C23 /* working@2x.png in Resources */,
				372E92FBB8594AA1BB1B7D1F /* working@3x.png in Resources */,
			);
			runOnlyForDeploymentPostprocessing = 0;
		};
/* End PBXResourcesBuildPhase section */

/* Begin PBXShellScriptBuildPhase section */
		334444EFA156ABDF5813E1CA /* [CP] Copy Pods Resources */ = {
			isa = PBXShellScriptBuildPhase;
			buildActionMask = 2147483647;
			files = (
			);
			inputPaths = (
			);
			name = "[CP] Copy Pods Resources";
			outputPaths = (
			);
			runOnlyForDeploymentPostprocessing = 0;
			shellPath = /bin/sh;
			shellScript = "\"${SRCROOT}/Pods/Target Support Files/Pods-cngMobileApp/Pods-cngMobileApp-resources.sh\"\n";
			showEnvVarsInLog = 0;
		};
		44D97040164EB2F0E4F87538 /* [CP] Check Pods Manifest.lock */ = {
			isa = PBXShellScriptBuildPhase;
			buildActionMask = 2147483647;
			files = (
			);
			inputPaths = (
			);
			name = "[CP] Check Pods Manifest.lock";
			outputPaths = (
			);
			runOnlyForDeploymentPostprocessing = 0;
			shellPath = /bin/sh;
			shellScript = "diff \"${PODS_ROOT}/../Podfile.lock\" \"${PODS_ROOT}/Manifest.lock\" > /dev/null\nif [[ $? != 0 ]] ; then\n    cat << EOM\nerror: The sandbox is not in sync with the Podfile.lock. Run 'pod install' or update your CocoaPods installation.\nEOM\n    exit 1\nfi\n";
			showEnvVarsInLog = 0;
		};
		7908110CB88E591DB6807003 /* [CP] Embed Pods Frameworks */ = {
			isa = PBXShellScriptBuildPhase;
			buildActionMask = 2147483647;
			files = (
			);
			inputPaths = (
			);
			name = "[CP] Embed Pods Frameworks";
			outputPaths = (
			);
			runOnlyForDeploymentPostprocessing = 0;
			shellPath = /bin/sh;
			shellScript = "\"${SRCROOT}/Pods/Target Support Files/Pods-cngMobileApp/Pods-cngMobileApp-frameworks.sh\"\n";
			showEnvVarsInLog = 0;
		};
		C97FD7AC1ADE5369004DB2A4 /* NativeScript PreBuild */ = {
			isa = PBXShellScriptBuildPhase;
			buildActionMask = 2147483647;
			files = (
			);
			inputPaths = (
			);
			name = "NativeScript PreBuild";
			outputPaths = (
			);
			runOnlyForDeploymentPostprocessing = 0;
			shellPath = /bin/sh;
			shellScript = "\"$SRCROOT/internal/nativescript-pre-build\"";
			showEnvVarsInLog = 0;
		};
		CD3EAD351B05FF060042DBFC /* NativeScript PostBuild */ = {
			isa = PBXShellScriptBuildPhase;
			buildActionMask = 2147483647;
			files = (
			);
			inputPaths = (
			);
			name = "NativeScript PostBuild";
			outputPaths = (
			);
			runOnlyForDeploymentPostprocessing = 0;
			shellPath = /bin/sh;
			shellScript = "\"$SRCROOT/internal/nativescript-post-build\"";
			showEnvVarsInLog = 0;
		};
		CD62955B1BB2651D00AE3A93 /* NativeScript PreLink */ = {
			isa = PBXShellScriptBuildPhase;
			buildActionMask = 2147483647;
			files = (
			);
			inputPaths = (
			);
			name = "NativeScript PreLink";
			outputPaths = (
			);
			runOnlyForDeploymentPostprocessing = 0;
			shellPath = /bin/sh;
			shellScript = "\"$SRCROOT/internal/nativescript-pre-link\"";
			showEnvVarsInLog = 0;
		};
/* End PBXShellScriptBuildPhase section */

/* Begin PBXSourcesBuildPhase section */
		858B83F218CA22B800AB12DE /* Sources */ = {
			isa = PBXSourcesBuildPhase;
			buildActionMask = 2147483647;
			files = (
				CD62955D1BB2678900AE3A93 /* main.m in Sources */,
			);
			runOnlyForDeploymentPostprocessing = 0;
		};
/* End PBXSourcesBuildPhase section */

/* Begin PBXVariantGroup section */
		858B833A18CA111C00AB12DE /* InfoPlist.strings */ = {
			isa = PBXVariantGroup;
			children = (
				858B833B18CA111C00AB12DE /* en */,
			);
			name = InfoPlist.strings;
			sourceTree = "<group>";
		};
/* End PBXVariantGroup section */

/* Begin XCBuildConfiguration section */
		858B835818CA111C00AB12DE /* Debug */ = {
			isa = XCBuildConfiguration;
			buildSettings = {
				ALWAYS_SEARCH_USER_PATHS = NO;
				ARCHS = "$(ARCHS_STANDARD)";
				CLANG_CXX_LANGUAGE_STANDARD = "gnu++0x";
				CLANG_CXX_LIBRARY = "libc++";
				CLANG_ENABLE_MODULES = YES;
				CLANG_ENABLE_OBJC_ARC = YES;
				CLANG_WARN_BOOL_CONVERSION = YES;
				CLANG_WARN_CONSTANT_CONVERSION = YES;
				CLANG_WARN_DIRECT_OBJC_ISA_USAGE = YES_ERROR;
				CLANG_WARN_EMPTY_BODY = YES;
				CLANG_WARN_ENUM_CONVERSION = YES;
				CLANG_WARN_INT_CONVERSION = YES;
				CLANG_WARN_OBJC_ROOT_CLASS = YES_ERROR;
				CLANG_WARN__DUPLICATE_METHOD_MATCH = YES;
				"CODE_SIGN_IDENTITY[sdk=iphoneos*]" = "iPhone Developer";
				COPY_PHASE_STRIP = NO;
				GCC_C_LANGUAGE_STANDARD = gnu99;
				GCC_DYNAMIC_NO_PIC = NO;
				GCC_OPTIMIZATION_LEVEL = 0;
				GCC_SYMBOLS_PRIVATE_EXTERN = NO;
				GCC_WARN_64_TO_32_BIT_CONVERSION = YES;
				GCC_WARN_ABOUT_RETURN_TYPE = YES_ERROR;
				GCC_WARN_UNDECLARED_SELECTOR = YES;
				GCC_WARN_UNINITIALIZED_AUTOS = YES;
				GCC_WARN_UNUSED_FUNCTION = YES;
				GCC_WARN_UNUSED_VARIABLE = YES;
				IPHONEOS_DEPLOYMENT_TARGET = 8.0;
				ONLY_ACTIVE_ARCH = YES;
				SDKROOT = iphoneos;
				TARGETED_DEVICE_FAMILY = "1,2";
				VALID_ARCHS = "armv7 arm64";
			};
			name = Debug;
		};
		858B835918CA111C00AB12DE /* Release */ = {
			isa = XCBuildConfiguration;
			buildSettings = {
				ALWAYS_SEARCH_USER_PATHS = NO;
				ARCHS = "$(ARCHS_STANDARD)";
				CLANG_CXX_LANGUAGE_STANDARD = "gnu++0x";
				CLANG_CXX_LIBRARY = "libc++";
				CLANG_ENABLE_MODULES = YES;
				CLANG_ENABLE_OBJC_ARC = YES;
				CLANG_WARN_BOOL_CONVERSION = YES;
				CLANG_WARN_CONSTANT_CONVERSION = YES;
				CLANG_WARN_DIRECT_OBJC_ISA_USAGE = YES_ERROR;
				CLANG_WARN_EMPTY_BODY = YES;
				CLANG_WARN_ENUM_CONVERSION = YES;
				CLANG_WARN_INT_CONVERSION = YES;
				CLANG_WARN_OBJC_ROOT_CLASS = YES_ERROR;
				CLANG_WARN__DUPLICATE_METHOD_MATCH = YES;
				"CODE_SIGN_IDENTITY[sdk=iphoneos*]" = "iPhone Developer";
				COPY_PHASE_STRIP = YES;
				ENABLE_NS_ASSERTIONS = NO;
				GCC_C_LANGUAGE_STANDARD = gnu99;
				GCC_WARN_64_TO_32_BIT_CONVERSION = YES;
				GCC_WARN_ABOUT_RETURN_TYPE = YES_ERROR;
				GCC_WARN_UNDECLARED_SELECTOR = YES;
				GCC_WARN_UNINITIALIZED_AUTOS = YES;
				GCC_WARN_UNUSED_FUNCTION = YES;
				GCC_WARN_UNUSED_VARIABLE = YES;
				IPHONEOS_DEPLOYMENT_TARGET = 8.0;
				SDKROOT = iphoneos;
				TARGETED_DEVICE_FAMILY = "1,2";
				VALIDATE_PRODUCT = YES;
				VALID_ARCHS = "armv7 arm64";
			};
			name = Release;
		};
		858B843118CA22B800AB12DE /* Debug */ = {
			isa = XCBuildConfiguration;
			baseConfigurationReference = CDD59A261BB43B5D00EC2671 /* build-debug.xcconfig */;
			buildSettings = {
				ARCHS = "$(ARCHS_STANDARD)";
				CLANG_ENABLE_MODULES = NO;
				CLANG_MODULES_AUTOLINK = NO;
				CODE_SIGN_IDENTITY = "iPhone Developer";
				"CODE_SIGN_IDENTITY[sdk=iphoneos*]" = "iPhone Developer";
				ENABLE_BITCODE = NO;
				FRAMEWORK_SEARCH_PATHS = (
					"$(inherited)",
					"\"../../lib/iOS\"",
				);
				GCC_PRECOMPILE_PREFIX_HEADER = YES;
				GCC_PREFIX_HEADER = "cngMobileApp/cngMobileApp-Prefix.pch";
				GCC_PREPROCESSOR_DEFINITIONS = (
					"$(inherited)",
					"DEBUG=1",
				);
				INFOPLIST_FILE = "$(SRCROOT)/cngMobileApp/cngMobileApp-Info.plist";
				LD_RUNPATH_SEARCH_PATHS = "$(inherited) @executable_path/Frameworks";
				PRODUCT_NAME = cngMobileApp;
				PROVISIONING_PROFILE = "";
				VALID_ARCHS = "armv7 arm64";
				WRAPPER_EXTENSION = app;
			};
			name = Debug;
		};
		858B843218CA22B800AB12DE /* Release */ = {
			isa = XCBuildConfiguration;
			baseConfigurationReference = CDD59A271BB43B5D00EC2671 /* build-release.xcconfig */;
			buildSettings = {
				ARCHS = "$(ARCHS_STANDARD)";
				CLANG_ENABLE_MODULES = NO;
				CLANG_MODULES_AUTOLINK = NO;
				CODE_SIGN_IDENTITY = "iPhone Developer";
				"CODE_SIGN_IDENTITY[sdk=iphoneos*]" = "iPhone Developer";
				ENABLE_BITCODE = NO;
				FRAMEWORK_SEARCH_PATHS = (
					"$(inherited)",
					"\"../../lib/iOS\"",
				);
				GCC_PRECOMPILE_PREFIX_HEADER = YES;
				GCC_PREFIX_HEADER = "cngMobileApp/cngMobileApp-Prefix.pch";
				INFOPLIST_FILE = "$(SRCROOT)/cngMobileApp/cngMobileApp-Info.plist";
				LD_RUNPATH_SEARCH_PATHS = "$(inherited) @executable_path/Frameworks";
				PRODUCT_NAME = cngMobileApp;
				PROVISIONING_PROFILE = "";
				VALID_ARCHS = "armv7 arm64";
				WRAPPER_EXTENSION = app;
			};
			name = Release;
		};
/* End XCBuildConfiguration section */

/* Begin XCConfigurationList section */
		858B832918CA111C00AB12DE /* Build configuration list for PBXProject "cngMobileApp" */ = {
			isa = XCConfigurationList;
			buildConfigurations = (
				858B835818CA111C00AB12DE /* Debug */,
				858B835918CA111C00AB12DE /* Release */,
			);
			defaultConfigurationIsVisible = 0;
			defaultConfigurationName = Release;
		};
		858B843018CA22B800AB12DE /* Build configuration list for PBXNativeTarget "cngMobileApp" */ = {
			isa = XCConfigurationList;
			buildConfigurations = (
				858B843118CA22B800AB12DE /* Debug */,
				858B843218CA22B800AB12DE /* Release */,
			);
			defaultConfigurationIsVisible = 0;
			defaultConfigurationName = Release;
		};
/* End XCConfigurationList section */
	};
	rootObject = 858B832618CA111C00AB12DE /* Project object */;
}
